{
  "meteor": {},
  "dependencies": {
    "basePackages": {
      "ngMeteor": {
        "git": "https://github.com/loneleeandroo/ngMeteor.git",
        "branch": "v0.2"
      }
    },
    "packages": {
      "ngMeteor": {
        "git": "https://github.com/loneleeandroo/ngMeteor.git",
        "branch": "v0.2",
        "commit": "1231aefae20de408ece4471b93984d30633153ec"
      }
    }
  }
}
